
Microsoft Visual Studio Solution File, Format Version 12.00
# Visual Studio Version 17
Project("{8BC9CEB8-8B4A-11D0-8D11-00A0C91BC942}") = "ALL_BUILD", "ALL_BUILD.vcxproj", "{9E878D0E-FD94-39CD-806D-4C640F18BA1A}"
	ProjectSection(ProjectDependencies) = postProject
		{52470D61-2835-3B4F-8516-A3CF0BB3F588} = {52470D61-2835-3B4F-8516-A3CF0BB3F588}
		{83181D83-4468-3304-818C-398354FBAFC7} = {83181D83-4468-3304-818C-398354FBAFC7}
	EndProjectSection
EndProject
Project("{8BC9CEB8-8B4A-11D0-8D11-00A0C91BC942}") = "ZERO_CHECK", "ZERO_CHECK.vcxproj", "{52470D61-2835-3B4F-8516-A3CF0BB3F588}"
	ProjectSection(ProjectDependencies) = postProject
	EndProjectSection
EndProject
Project("{8BC9CEB8-8B4A-11D0-8D11-00A0C91BC942}") = "sfml_sample", "sfml_sample.vcxproj", "{83181D83-4468-3304-818C-398354FBAFC7}"
	ProjectSection(ProjectDependencies) = postProject
		{52470D61-2835-3B4F-8516-A3CF0BB3F588} = {52470D61-2835-3B4F-8516-A3CF0BB3F588}
	EndProjectSection
EndProject
Global
	GlobalSection(SolutionConfigurationPlatforms) = preSolution
		Debug|x64 = Debug|x64
		Release|x64 = Release|x64
		MinSizeRel|x64 = MinSizeRel|x64
		RelWithDebInfo|x64 = RelWithDebInfo|x64
	EndGlobalSection
	GlobalSection(ProjectConfigurationPlatforms) = postSolution
		{9E878D0E-FD94-39CD-806D-4C640F18BA1A}.Debug|x64.ActiveCfg = Debug|x64
		{9E878D0E-FD94-39CD-806D-4C640F18BA1A}.Release|x64.ActiveCfg = Release|x64
		{9E878D0E-FD94-39CD-806D-4C640F18BA1A}.MinSizeRel|x64.ActiveCfg = MinSizeRel|x64
		{9E878D0E-FD94-39CD-806D-4C640F18BA1A}.RelWithDebInfo|x64.ActiveCfg = RelWithDebInfo|x64
		{52470D61-2835-3B4F-8516-A3CF0BB3F588}.Debug|x64.ActiveCfg = Debug|x64
		{52470D61-2835-3B4F-8516-A3CF0BB3F588}.Debug|x64.Build.0 = Debug|x64
		{52470D61-2835-3B4F-8516-A3CF0BB3F588}.Release|x64.ActiveCfg = Release|x64
		{52470D61-2835-3B4F-8516-A3CF0BB3F588}.Release|x64.Build.0 = Release|x64
		{52470D61-2835-3B4F-8516-A3CF0BB3F588}.MinSizeRel|x64.ActiveCfg = MinSizeRel|x64
		{52470D61-2835-3B4F-8516-A3CF0BB3F588}.MinSizeRel|x64.Build.0 = MinSizeRel|x64
		{52470D61-2835-3B4F-8516-A3CF0BB3F588}.RelWithDebInfo|x64.ActiveCfg = RelWithDebInfo|x64
		{52470D61-2835-3B4F-8516-A3CF0BB3F588}.RelWithDebInfo|x64.Build.0 = RelWithDebInfo|x64
		{83181D83-4468-3304-818C-398354FBAFC7}.Debug|x64.ActiveCfg = Debug|x64
		{83181D83-4468-3304-818C-398354FBAFC7}.Debug|x64.Build.0 = Debug|x64
		{83181D83-4468-3304-818C-398354FBAFC7}.Release|x64.ActiveCfg = Release|x64
		{83181D83-4468-3304-818C-398354FBAFC7}.Release|x64.Build.0 = Release|x64
		{83181D83-4468-3304-818C-398354FBAFC7}.MinSizeRel|x64.ActiveCfg = MinSizeRel|x64
		{83181D83-4468-3304-818C-398354FBAFC7}.MinSizeRel|x64.Build.0 = MinSizeRel|x64
		{83181D83-4468-3304-818C-398354FBAFC7}.RelWithDebInfo|x64.ActiveCfg = RelWithDebInfo|x64
		{83181D83-4468-3304-818C-398354FBAFC7}.RelWithDebInfo|x64.Build.0 = RelWithDebInfo|x64
	EndGlobalSection
	GlobalSection(ExtensibilityGlobals) = postSolution
		SolutionGuid = {349B1165-A82E-3DA4-B39A-7EEED709F395}
	EndGlobalSection
	GlobalSection(ExtensibilityAddIns) = postSolution
	EndGlobalSection
EndGlobal
