<?xml version="1.0" encoding="utf-8"?>
<Project ToolsVersion="17.0" xmlns="http://schemas.microsoft.com/developer/msbuild/2003">
  <ItemGroup>
    <ClCompile Include="C:\Git\sfml_sample\main.cpp">
      <Filter>Source Files</Filter>
    </ClCompile>
    <ClCompile Include="Circle.hpp">
      <Filter>Source Files</Filter>
    </ClCompile>
    <ClCompile Include="Triangle.hpp">
      <Filter>Source Files</Filter>
    </ClCompile>
    <ClCompile Include="Rectangle.hpp">
      <Filter>Source Files</Filter>
    </ClCompile>
    <ClCompile Include="Line.hpp">
      <Filter>Source Files</Filter>
    </ClCompile>
  </ItemGroup>
  <ItemGroup>
    <CustomBuild Include="C:\Git\sfml_sample\CMakeLists.txt" />
  </ItemGroup>
  <ItemGroup>
    <Filter Include="Source Files">
      <UniqueIdentifier>{444D77B5-4662-31A7-A78C-EA5FDD94D390}</UniqueIdentifier>
    </Filter>
  </ItemGroup>
</Project>